
Microsoft Visual Studio Solution File, Format Version 12.00
# Visual Studio Version 17
VisualStudioVersion = 17.0.31903.59
MinimumVisualStudioVersion = 10.0.40219.1
Project("{FAE04EC0-301F-11D3-BF4B-00C04F79EFBC}") = "LibraryLib", "LibraryLib\LibraryLib.csproj", "{E2049BF5-D731-49C3-AAED-E0AD4D78724C}"
EndProject
Project("{FAE04EC0-301F-11D3-BF4B-00C04F79EFBC}") = "ClickLibrary", "ClickLibrary\ClickLibrary.csproj", "{1CB8694E-0D17-46A6-8E48-CEEFE15B6241}"
EndProject
Global
	GlobalSection(SolutionConfigurationPlatforms) = preSolution
		Debug|Any CPU = Debug|Any CPU
		Release|Any CPU = Release|Any CPU
	EndGlobalSection
	GlobalSection(SolutionProperties) = preSolution
		HideSolutionNode = FALSE
	EndGlobalSection
	GlobalSection(ProjectConfigurationPlatforms) = postSolution
		{E2049BF5-D731-49C3-AAED-E0AD4D78724C}.Debug|Any CPU.ActiveCfg = Debug|Any CPU
		{E2049BF5-D731-49C3-AAED-E0AD4D78724C}.Debug|Any CPU.Build.0 = Debug|Any CPU
		{E2049BF5-D731-49C3-AAED-E0AD4D78724C}.Release|Any CPU.ActiveCfg = Release|Any CPU
		{E2049BF5-D731-49C3-AAED-E0AD4D78724C}.Release|Any CPU.Build.0 = Release|Any CPU
		{1CB8694E-0D17-46A6-8E48-CEEFE15B6241}.Debug|Any CPU.ActiveCfg = Debug|Any CPU
		{1CB8694E-0D17-46A6-8E48-CEEFE15B6241}.Debug|Any CPU.Build.0 = Debug|Any CPU
		{1CB8694E-0D17-46A6-8E48-CEEFE15B6241}.Release|Any CPU.ActiveCfg = Release|Any CPU
		{1CB8694E-0D17-46A6-8E48-CEEFE15B6241}.Release|Any CPU.Build.0 = Release|Any CPU
	EndGlobalSection
EndGlobal
